{
  "lib/openzeppelin-contracts-v3.4": {
    "branch": {
      "name": "release-v3.4-solc-0.7",
      "rev": "04695aecbd4d17dddfd55de766d10e3805d6f42f"
    }
  },
  "lib/v4-periphery": {
    "rev": "9628c36b4f5083d19606e63224e4041fe748edae"
  },
  "lib/slipstream": {
    "rev": "4fe6f626f850bd03390af18fd84a56de29adcc5b"
  },
  "lib/forge-std": {
    "rev": "705263c95892a906d7af65f0f73ce8a4a0c80b80"
  },
  "lib/openzeppelin-contract-upgradeables-v4.9": {
    "rev": "cb06de9c475309be40c976ebc179c57eb0921b0a"
  },
  "lib/swap-router-contracts": {
    "rev": "550c0f20373a487996fcc957075377b67af9df07"
  },
  "lib/solmate": {
    "rev": "fadb2e2778adbf01c80275bfb99e5c14969d964b"
  },
  "lib/v3-periphery": {
    "rev": "6cce88e63e176af1ddb6cc56e029110289622317"
  },
  "lib/merkl-contracts": {
    "rev": "3d3d23a32e1e41a0c77bf4d7cc015beec57d0727"
  },
  "lib/v3-core": {
    "rev": "d8b1c635c275d2a9450bd6a78f3fa2484fef73eb"
  }
}